
Microsoft Visual Studio Solution File, Format Version 11.00
# Visual Studio 2010
Project("{FAE04EC0-301F-11D3-BF4B-00C04F79EFBC}") = "OpenTKTutorial6", "OpenTKTutorial6\OpenTKTutorial6.csproj", "{CE5CD75D-8626-4CD8-83FC-B7A4868DAEC0}"
EndProject
Project("{2150E333-8FDC-42A3-9474-1A3956D46DE8}") = "Solution Items", "Solution Items", "{ACBF192E-C0F1-4B53-958F-915EDD01BA71}"
EndProject
Global
	GlobalSection(SolutionConfigurationPlatforms) = preSolution
		Debug|x86 = Debug|x86
		Release|x86 = Release|x86
	EndGlobalSection
	GlobalSection(ProjectConfigurationPlatforms) = postSolution
		{CE5CD75D-8626-4CD8-83FC-B7A4868DAEC0}.Debug|x86.ActiveCfg = Debug|x86
		{CE5CD75D-8626-4CD8-83FC-B7A4868DAEC0}.Debug|x86.Build.0 = Debug|x86
		{CE5CD75D-8626-4CD8-83FC-B7A4868DAEC0}.Release|x86.ActiveCfg = Release|x86
		{CE5CD75D-8626-4CD8-83FC-B7A4868DAEC0}.Release|x86.Build.0 = Release|x86
	EndGlobalSection
	GlobalSection(SolutionProperties) = preSolution
		HideSolutionNode = FALSE
	EndGlobalSection
EndGlobal
