
Microsoft Visual Studio Solution File, Format Version 11.00
# Visual Studio 2010
Project("{FAE04EC0-301F-11D3-BF4B-00C04F79EFBC}") = "TKSprites", "TKSprites\TKSprites.csproj", "{F81E9879-5A55-48EB-9C08-03589BE7DF97}"
EndProject
Global
	GlobalSection(SolutionConfigurationPlatforms) = preSolution
		Debug|x86 = Debug|x86
		Release|x86 = Release|x86
	EndGlobalSection
	GlobalSection(ProjectConfigurationPlatforms) = postSolution
		{F81E9879-5A55-48EB-9C08-03589BE7DF97}.Debug|x86.ActiveCfg = Debug|x86
		{F81E9879-5A55-48EB-9C08-03589BE7DF97}.Debug|x86.Build.0 = Debug|x86
		{F81E9879-5A55-48EB-9C08-03589BE7DF97}.Release|x86.ActiveCfg = Release|x86
		{F81E9879-5A55-48EB-9C08-03589BE7DF97}.Release|x86.Build.0 = Release|x86
	EndGlobalSection
	GlobalSection(SolutionProperties) = preSolution
		HideSolutionNode = FALSE
	EndGlobalSection
EndGlobal
